
Microsoft Visual Studio Solution File, Format Version 12.00
# Visual Studio Version 17
VisualStudioVersion = 17.5.33530.505
MinimumVisualStudioVersion = 10.0.40219.1
Project("{FAE04EC0-301F-11D3-BF4B-00C04F79EFBC}") = "UI", "NPCGenerator\UI.csproj", "{2152880A-7EE0-4B80-9094-4ECD2E91D861}"
EndProject
Project("{FAE04EC0-301F-11D3-BF4B-00C04F79EFBC}") = "Archives", "Archive\Archives.csproj", "{C0AC72C6-00CE-46BA-BD7C-7BC2B28D9735}"
EndProject
Project("{FAE04EC0-301F-11D3-BF4B-00C04F79EFBC}") = "FileManager", "FileManager\FileManager.csproj", "{078FB7EC-60AA-41FA-A432-95CE6F0EE4AE}"
EndProject
Project("{9A19103F-16F7-4668-BE54-9A1E7A4F7556}") = "Tests", "Tests\Tests.csproj", "{110F140F-1920-406A-8B09-D89CBB5D9601}"
EndProject
Project("{FAE04EC0-301F-11D3-BF4B-00C04F79EFBC}") = "Tmp", "Tmp\Tmp.csproj", "{D96121D0-4498-46A3-AE70-A7E4071040FA}"
EndProject
Global
	GlobalSection(SolutionConfigurationPlatforms) = preSolution
		Debug|Any CPU = Debug|Any CPU
		Release|Any CPU = Release|Any CPU
	EndGlobalSection
	GlobalSection(ProjectConfigurationPlatforms) = postSolution
		{2152880A-7EE0-4B80-9094-4ECD2E91D861}.Debug|Any CPU.ActiveCfg = Debug|Any CPU
		{2152880A-7EE0-4B80-9094-4ECD2E91D861}.Release|Any CPU.ActiveCfg = Release|Any CPU
		{2152880A-7EE0-4B80-9094-4ECD2E91D861}.Release|Any CPU.Build.0 = Release|Any CPU
		{C0AC72C6-00CE-46BA-BD7C-7BC2B28D9735}.Debug|Any CPU.ActiveCfg = Debug|Any CPU
		{C0AC72C6-00CE-46BA-BD7C-7BC2B28D9735}.Debug|Any CPU.Build.0 = Debug|Any CPU
		{C0AC72C6-00CE-46BA-BD7C-7BC2B28D9735}.Release|Any CPU.ActiveCfg = Release|Any CPU
		{C0AC72C6-00CE-46BA-BD7C-7BC2B28D9735}.Release|Any CPU.Build.0 = Release|Any CPU
		{078FB7EC-60AA-41FA-A432-95CE6F0EE4AE}.Debug|Any CPU.ActiveCfg = Debug|Any CPU
		{078FB7EC-60AA-41FA-A432-95CE6F0EE4AE}.Release|Any CPU.ActiveCfg = Release|Any CPU
		{078FB7EC-60AA-41FA-A432-95CE6F0EE4AE}.Release|Any CPU.Build.0 = Release|Any CPU
		{110F140F-1920-406A-8B09-D89CBB5D9601}.Debug|Any CPU.ActiveCfg = Debug|Any CPU
		{110F140F-1920-406A-8B09-D89CBB5D9601}.Debug|Any CPU.Build.0 = Debug|Any CPU
		{110F140F-1920-406A-8B09-D89CBB5D9601}.Release|Any CPU.ActiveCfg = Release|Any CPU
		{110F140F-1920-406A-8B09-D89CBB5D9601}.Release|Any CPU.Build.0 = Release|Any CPU
		{D96121D0-4498-46A3-AE70-A7E4071040FA}.Debug|Any CPU.ActiveCfg = Debug|Any CPU
		{D96121D0-4498-46A3-AE70-A7E4071040FA}.Release|Any CPU.ActiveCfg = Release|Any CPU
		{D96121D0-4498-46A3-AE70-A7E4071040FA}.Release|Any CPU.Build.0 = Release|Any CPU
	EndGlobalSection
	GlobalSection(SolutionProperties) = preSolution
		HideSolutionNode = FALSE
	EndGlobalSection
	GlobalSection(ExtensibilityGlobals) = postSolution
		SolutionGuid = {E540910F-4A77-4254-B9FA-C4B5F3534F56}
	EndGlobalSection
EndGlobal
